// !$*UTF8*$!
{
	archiveVersion = 1;
	classes = {
	};
	objectVersion = 55;
	objects = {

/* Begin PBXBuildFile section */
		121EADB2291E691500C4E6D5 /* Article.swift in Sources */ = {isa = PBXBuildFile; fileRef = 121EADB1291E691500C4E6D5 /* Article.swift */; };
		121EADB4291E786000C4E6D5 /* RowArticleView.swift in Sources */ = {isa = PBXBuildFile; fileRef = 121EADB3291E786000C4E6D5 /* RowArticleView.swift */; };
		121EADB6291F0A6B00C4E6D5 /* HeaderView.swift in Sources */ = {isa = PBXBuildFile; fileRef = 121EADB5291F0A6B00C4E6D5 /* HeaderView.swift */; };
		12292D9B291DA5B8000339B1 /* WebEngineerStudyRoomApp.swift in Sources */ = {isa = PBXBuildFile; fileRef = 12292D9A291DA5B8000339B1 /* WebEngineerStudyRoomApp.swift */; };
		12292D9D291DA5B8000339B1 /* ListArticleView.swift in Sources */ = {isa = PBXBuildFile; fileRef = 12292D9C291DA5B8000339B1 /* ListArticleView.swift */; };
		12292D9F291DA5B9000339B1 /* Assets.xcassets in Resources */ = {isa = PBXBuildFile; fileRef = 12292D9E291DA5B9000339B1 /* Assets.xcassets */; };
		12292DA2291DA5B9000339B1 /* Preview Assets.xcassets in Resources */ = {isa = PBXBuildFile; fileRef = 12292DA1291DA5B9000339B1 /* Preview Assets.xcassets */; };
		12292DAA291DA6B9000339B1 /* AdMobViewModels.swift in Sources */ = {isa = PBXBuildFile; fileRef = 12292DA9291DA6B9000339B1 /* AdMobViewModels.swift */; };
		12292DAC291DAB4A000339B1 /* APIController.swift in Sources */ = {isa = PBXBuildFile; fileRef = 12292DAB291DAB4A000339B1 /* APIController.swift */; };
		635EC9C329E875C51645A362 /* Pods_WebEngineerStudyRoom.framework in Frameworks */ = {isa = PBXBuildFile; fileRef = FF9FBAD9F90170DE4796A370 /* Pods_WebEngineerStudyRoom.framework */; };
/* End PBXBuildFile section */

/* Begin PBXFileReference section */
		121EADB1291E691500C4E6D5 /* Article.swift */ = {isa = PBXFileReference; lastKnownFileType = sourcecode.swift; path = Article.swift; sourceTree = "<group>"; };
		121EADB3291E786000C4E6D5 /* RowArticleView.swift */ = {isa = PBXFileReference; lastKnownFileType = sourcecode.swift; path = RowArticleView.swift; sourceTree = "<group>"; };
		121EADB5291F0A6B00C4E6D5 /* HeaderView.swift */ = {isa = PBXFileReference; lastKnownFileType = sourcecode.swift; path = HeaderView.swift; sourceTree = "<group>"; };
		12292D97291DA5B8000339B1 /* WebEngineerStudyRoom.app */ = {isa = PBXFileReference; explicitFileType = wrapper.application; includeInIndex = 0; path = WebEngineerStudyRoom.app; sourceTree = BUILT_PRODUCTS_DIR; };
		12292D9A291DA5B8000339B1 /* WebEngineerStudyRoomApp.swift */ = {isa = PBXFileReference; lastKnownFileType = sourcecode.swift; path = WebEngineerStudyRoomApp.swift; sourceTree = "<group>"; };
		12292D9C291DA5B8000339B1 /* ListArticleView.swift */ = {isa = PBXFileReference; lastKnownFileType = sourcecode.swift; path = ListArticleView.swift; sourceTree = "<group>"; };
		12292D9E291DA5B9000339B1 /* Assets.xcassets */ = {isa = PBXFileReference; lastKnownFileType = folder.assetcatalog; path = Assets.xcassets; sourceTree = "<group>"; };
		12292DA1291DA5B9000339B1 /* Preview Assets.xcassets */ = {isa = PBXFileReference; lastKnownFileType = folder.assetcatalog; path = "Preview Assets.xcassets"; sourceTree = "<group>"; };
		12292DA8291DA65E000339B1 /* Info.plist */ = {isa = PBXFileReference; lastKnownFileType = text.plist; path = Info.plist; sourceTree = "<group>"; };
		12292DA9291DA6B9000339B1 /* AdMobViewModels.swift */ = {isa = PBXFileReference; lastKnownFileType = sourcecode.swift; path = AdMobViewModels.swift; sourceTree = "<group>"; };
		12292DAB291DAB4A000339B1 /* APIController.swift */ = {isa = PBXFileReference; lastKnownFileType = sourcecode.swift; path = APIController.swift; sourceTree = "<group>"; };
		71183EE680D46FA87C8B2159 /* Pods-WebEngineerStudyRoom.debug.xcconfig */ = {isa = PBXFileReference; includeInIndex = 1; lastKnownFileType = text.xcconfig; name = "Pods-WebEngineerStudyRoom.debug.xcconfig"; path = "Target Support Files/Pods-WebEngineerStudyRoom/Pods-WebEngineerStudyRoom.debug.xcconfig"; sourceTree = "<group>"; };
		F8858D38B5A4E822078F4FE8 /* Pods-WebEngineerStudyRoom.release.xcconfig */ = {isa = PBXFileReference; includeInIndex = 1; lastKnownFileType = text.xcconfig; name = "Pods-WebEngineerStudyRoom.release.xcconfig"; path = "Target Support Files/Pods-WebEngineerStudyRoom/Pods-WebEngineerStudyRoom.release.xcconfig"; sourceTree = "<group>"; };
		FF9FBAD9F90170DE4796A370 /* Pods_WebEngineerStudyRoom.framework */ = {isa = PBXFileReference; explicitFileType = wrapper.framework; includeInIndex = 0; path = Pods_WebEngineerStudyRoom.framework; sourceTree = BUILT_PRODUCTS_DIR; };
/* End PBXFileReference section */

/* Begin PBXFrameworksBuildPhase section */
		12292D94291DA5B8000339B1 /* Frameworks */ = {
			isa = PBXFrameworksBuildPhase;
			buildActionMask = 2147483647;
			files = (
				635EC9C329E875C51645A362 /* Pods_WebEngineerStudyRoom.framework in Frameworks */,
			);
			runOnlyForDeploymentPostprocessing = 0;
		};
/* End PBXFrameworksBuildPhase section */

/* Begin PBXGroup section */
		12292D8E291DA5B8000339B1 = {
			isa = PBXGroup;
			children = (
				12292D99291DA5B8000339B1 /* WebEngineerStudyRoom */,
				12292D98291DA5B8000339B1 /* Products */,
				AF59089AC6B95D0924D64A59 /* Pods */,
				B3F1FB3FD799717A82C7A580 /* Frameworks */,
			);
			sourceTree = "<group>";
		};
		12292D98291DA5B8000339B1 /* Products */ = {
			isa = PBXGroup;
			children = (
				12292D97291DA5B8000339B1 /* WebEngineerStudyRoom.app */,
			);
			name = Products;
			sourceTree = "<group>";
		};
		12292D99291DA5B8000339B1 /* WebEngineerStudyRoom */ = {
			isa = PBXGroup;
			children = (
				12292DA8291DA65E000339B1 /* Info.plist */,
				12292D9A291DA5B8000339B1 /* WebEngineerStudyRoomApp.swift */,
				12292D9C291DA5B8000339B1 /* ListArticleView.swift */,
				121EADB5291F0A6B00C4E6D5 /* HeaderView.swift */,
				121EADB3291E786000C4E6D5 /* RowArticleView.swift */,
				12292DAE291DAB58000339B1 /* Controller */,
				12292DAD291DAB4E000339B1 /* Models */,
				12292D9E291DA5B9000339B1 /* Assets.xcassets */,
				12292DA0291DA5B9000339B1 /* Preview Content */,
			);
			path = WebEngineerStudyRoom;
			sourceTree = "<group>";
		};
		12292DA0291DA5B9000339B1 /* Preview Content */ = {
			isa = PBXGroup;
			children = (
				12292DA1291DA5B9000339B1 /* Preview Assets.xcassets */,
			);
			path = "Preview Content";
			sourceTree = "<group>";
		};
		12292DAD291DAB4E000339B1 /* Models */ = {
			isa = PBXGroup;
			children = (
				12292DA9291DA6B9000339B1 /* AdMobViewModels.swift */,
				121EADB1291E691500C4E6D5 /* Article.swift */,
			);
			path = Models;
			sourceTree = "<group>";
		};
		12292DAE291DAB58000339B1 /* Controller */ = {
			isa = PBXGroup;
			children = (
				12292DAB291DAB4A000339B1 /* APIController.swift */,
			);
			path = Controller;
			sourceTree = "<group>";
		};
		AF59089AC6B95D0924D64A59 /* Pods */ = {
			isa = PBXGroup;
			children = (
				71183EE680D46FA87C8B2159 /* Pods-WebEngineerStudyRoom.debug.xcconfig */,
				F8858D38B5A4E822078F4FE8 /* Pods-WebEngineerStudyRoom.release.xcconfig */,
			);
			path = Pods;
			sourceTree = "<group>";
		};
		B3F1FB3FD799717A82C7A580 /* Frameworks */ = {
			isa = PBXGroup;
			children = (
				FF9FBAD9F90170DE4796A370 /* Pods_WebEngineerStudyRoom.framework */,
			);
			name = Frameworks;
			sourceTree = "<group>";
		};
/* End PBXGroup section */

/* Begin PBXNativeTarget section */
		12292D96291DA5B8000339B1 /* WebEngineerStudyRoom */ = {
			isa = PBXNativeTarget;
			buildConfigurationList = 12292DA5291DA5B9000339B1 /* Build configuration list for PBXNativeTarget "WebEngineerStudyRoom" */;
			buildPhases = (
				04D938E6AF34FC8A35391120 /* [CP] Check Pods Manifest.lock */,
				12292D93291DA5B8000339B1 /* Sources */,
				12292D94291DA5B8000339B1 /* Frameworks */,
				12292D95291DA5B8000339B1 /* Resources */,
				9AC301367383B01840BF5B7E /* [CP] Embed Pods Frameworks */,
			);
			buildRules = (
			);
			dependencies = (
			);
			name = WebEngineerStudyRoom;
			productName = WebEngineerStudyRoom;
			productReference = 12292D97291DA5B8000339B1 /* WebEngineerStudyRoom.app */;
			productType = "com.apple.product-type.application";
		};
/* End PBXNativeTarget section */

/* Begin PBXProject section */
		12292D8F291DA5B8000339B1 /* Project object */ = {
			isa = PBXProject;
			attributes = {
				BuildIndependentTargetsInParallel = 1;
				LastSwiftUpdateCheck = 1340;
				LastUpgradeCheck = 1340;
				TargetAttributes = {
					12292D96291DA5B8000339B1 = {
						CreatedOnToolsVersion = 13.4.1;
					};
				};
			};
			buildConfigurationList = 12292D92291DA5B8000339B1 /* Build configuration list for PBXProject "WebEngineerStudyRoom" */;
			compatibilityVersion = "Xcode 13.0";
			developmentRegion = en;
			hasScannedForEncodings = 0;
			knownRegions = (
				en,
				Base,
			);
			mainGroup = 12292D8E291DA5B8000339B1;
			productRefGroup = 12292D98291DA5B8000339B1 /* Products */;
			projectDirPath = "";
			projectRoot = "";
			targets = (
				12292D96291DA5B8000339B1 /* WebEngineerStudyRoom */,
			);
		};
/* End PBXProject section */

/* Begin PBXResourcesBuildPhase section */
		12292D95291DA5B8000339B1 /* Resources */ = {
			isa = PBXResourcesBuildPhase;
			buildActionMask = 2147483647;
			files = (
				12292DA2291DA5B9000339B1 /* Preview Assets.xcassets in Resources */,
				12292D9F291DA5B9000339B1 /* Assets.xcassets in Resources */,
			);
			runOnlyForDeploymentPostprocessing = 0;
		};
/* End PBXResourcesBuildPhase section */

/* Begin PBXShellScriptBuildPhase section */
		04D938E6AF34FC8A35391120 /* [CP] Check Pods Manifest.lock */ = {
			isa = PBXShellScriptBuildPhase;
			buildActionMask = 2147483647;
			files = (
			);
			inputFileListPaths = (
			);
			inputPaths = (
				"${PODS_PODFILE_DIR_PATH}/Podfile.lock",
				"${PODS_ROOT}/Manifest.lock",
			);
			name = "[CP] Check Pods Manifest.lock";
			outputFileListPaths = (
			);
			outputPaths = (
				"$(DERIVED_FILE_DIR)/Pods-WebEngineerStudyRoom-checkManifestLockResult.txt",
			);
			runOnlyForDeploymentPostprocessing = 0;
			shellPath = /bin/sh;
			shellScript = "diff \"${PODS_PODFILE_DIR_PATH}/Podfile.lock\" \"${PODS_ROOT}/Manifest.lock\" > /dev/null\nif [ $? != 0 ] ; then\n    # print error to STDERR\n    echo \"error: The sandbox is not in sync with the Podfile.lock. Run 'pod install' or update your CocoaPods installation.\" >&2\n    exit 1\nfi\n# This output is used by Xcode 'outputs' to avoid re-running this script phase.\necho \"SUCCESS\" > \"${SCRIPT_OUTPUT_FILE_0}\"\n";
			showEnvVarsInLog = 0;
		};
		9AC301367383B01840BF5B7E /* [CP] Embed Pods Frameworks */ = {
			isa = PBXShellScriptBuildPhase;
			buildActionMask = 2147483647;
			files = (
			);
			inputFileListPaths = (
				"${PODS_ROOT}/Target Support Files/Pods-WebEngineerStudyRoom/Pods-WebEngineerStudyRoom-frameworks-${CONFIGURATION}-input-files.xcfilelist",
			);
			name = "[CP] Embed Pods Frameworks";
			outputFileListPaths = (
				"${PODS_ROOT}/Target Support Files/Pods-WebEngineerStudyRoom/Pods-WebEngineerStudyRoom-frameworks-${CONFIGURATION}-output-files.xcfilelist",
			);
			runOnlyForDeploymentPostprocessing = 0;
			shellPath = /bin/sh;
			shellScript = "\"${PODS_ROOT}/Target Support Files/Pods-WebEngineerStudyRoom/Pods-WebEngineerStudyRoom-frameworks.sh\"\n";
			showEnvVarsInLog = 0;
		};
/* End PBXShellScriptBuildPhase section */

/* Begin PBXSourcesBuildPhase section */
		12292D93291DA5B8000339B1 /* Sources */ = {
			isa = PBXSourcesBuildPhase;
			buildActionMask = 2147483647;
			files = (
				12292DAC291DAB4A000339B1 /* APIController.swift in Sources */,
				12292D9D291DA5B8000339B1 /* ListArticleView.swift in Sources */,
				121EADB4291E786000C4E6D5 /* RowArticleView.swift in Sources */,
				12292D9B291DA5B8000339B1 /* WebEngineerStudyRoomApp.swift in Sources */,
				12292DAA291DA6B9000339B1 /* AdMobViewModels.swift in Sources */,
				121EADB2291E691500C4E6D5 /* Article.swift in Sources */,
				121EADB6291F0A6B00C4E6D5 /* HeaderView.swift in Sources */,
			);
			runOnlyForDeploymentPostprocessing = 0;
		};
/* End PBXSourcesBuildPhase section */

/* Begin XCBuildConfiguration section */
		12292DA3291DA5B9000339B1 /* Debug */ = {
			isa = XCBuildConfiguration;
			buildSettings = {
				ALWAYS_SEARCH_USER_PATHS = NO;
				CLANG_ANALYZER_NONNULL = YES;
				CLANG_ANALYZER_NUMBER_OBJECT_CONVERSION = YES_AGGRESSIVE;
				CLANG_CXX_LANGUAGE_STANDARD = "gnu++17";
				CLANG_ENABLE_MODULES = YES;
				CLANG_ENABLE_OBJC_ARC = YES;
				CLANG_ENABLE_OBJC_WEAK = YES;
				CLANG_WARN_BLOCK_CAPTURE_AUTORELEASING = YES;
				CLANG_WARN_BOOL_CONVERSION = YES;
				CLANG_WARN_COMMA = YES;
				CLANG_WARN_CONSTANT_CONVERSION = YES;
				CLANG_WARN_DEPRECATED_OBJC_IMPLEMENTATIONS = YES;
				CLANG_WARN_DIRECT_OBJC_ISA_USAGE = YES_ERROR;
				CLANG_WARN_DOCUMENTATION_COMMENTS = YES;
				CLANG_WARN_EMPTY_BODY = YES;
				CLANG_WARN_ENUM_CONVERSION = YES;
				CLANG_WARN_INFINITE_RECURSION = YES;
				CLANG_WARN_INT_CONVERSION = YES;
				CLANG_WARN_NON_LITERAL_NULL_CONVERSION = YES;
				CLANG_WARN_OBJC_IMPLICIT_RETAIN_SELF = YES;
				CLANG_WARN_OBJC_LITERAL_CONVERSION = YES;
				CLANG_WARN_OBJC_ROOT_CLASS = YES_ERROR;
				CLANG_WARN_QUOTED_INCLUDE_IN_FRAMEWORK_HEADER = YES;
				CLANG_WARN_RANGE_LOOP_ANALYSIS = YES;
				CLANG_WARN_STRICT_PROTOTYPES = YES;
				CLANG_WARN_SUSPICIOUS_MOVE = YES;
				CLANG_WARN_UNGUARDED_AVAILABILITY = YES_AGGRESSIVE;
				CLANG_WARN_UNREACHABLE_CODE = YES;
				CLANG_WARN__DUPLICATE_METHOD_MATCH = YES;
				COPY_PHASE_STRIP = NO;
				DEBUG_INFORMATION_FORMAT = dwarf;
				ENABLE_STRICT_OBJC_MSGSEND = YES;
				ENABLE_TESTABILITY = YES;
				GCC_C_LANGUAGE_STANDARD = gnu11;
				GCC_DYNAMIC_NO_PIC = NO;
				GCC_NO_COMMON_BLOCKS = YES;
				GCC_OPTIMIZATION_LEVEL = 0;
				GCC_PREPROCESSOR_DEFINITIONS = (
					"DEBUG=1",
					"$(inherited)",
				);
				GCC_WARN_64_TO_32_BIT_CONVERSION = YES;
				GCC_WARN_ABOUT_RETURN_TYPE = YES_ERROR;
				GCC_WARN_UNDECLARED_SELECTOR = YES;
				GCC_WARN_UNINITIALIZED_AUTOS = YES_AGGRESSIVE;
				GCC_WARN_UNUSED_FUNCTION = YES;
				GCC_WARN_UNUSED_VARIABLE = YES;
				IPHONEOS_DEPLOYMENT_TARGET = 15.5;
				MTL_ENABLE_DEBUG_INFO = INCLUDE_SOURCE;
				MTL_FAST_MATH = YES;
				ONLY_ACTIVE_ARCH = YES;
				SDKROOT = iphoneos;
				SWIFT_ACTIVE_COMPILATION_CONDITIONS = DEBUG;
				SWIFT_OPTIMIZATION_LEVEL = "-Onone";
			};
			name = Debug;
		};
		12292DA4291DA5B9000339B1 /* Release */ = {
			isa = XCBuildConfiguration;
			buildSettings = {
				ALWAYS_SEARCH_USER_PATHS = NO;
				CLANG_ANALYZER_NONNULL = YES;
				CLANG_ANALYZER_NUMBER_OBJECT_CONVERSION = YES_AGGRESSIVE;
				CLANG_CXX_LANGUAGE_STANDARD = "gnu++17";
				CLANG_ENABLE_MODULES = YES;
				CLANG_ENABLE_OBJC_ARC = YES;
				CLANG_ENABLE_OBJC_WEAK = YES;
				CLANG_WARN_BLOCK_CAPTURE_AUTORELEASING = YES;
				CLANG_WARN_BOOL_CONVERSION = YES;
				CLANG_WARN_COMMA = YES;
				CLANG_WARN_CONSTANT_CONVERSION = YES;
				CLANG_WARN_DEPRECATED_OBJC_IMPLEMENTATIONS = YES;
				CLANG_WARN_DIRECT_OBJC_ISA_USAGE = YES_ERROR;
				CLANG_WARN_DOCUMENTATION_COMMENTS = YES;
				CLANG_WARN_EMPTY_BODY = YES;
				CLANG_WARN_ENUM_CONVERSION = YES;
				CLANG_WARN_INFINITE_RECURSION = YES;
				CLANG_WARN_INT_CONVERSION = YES;
				CLANG_WARN_NON_LITERAL_NULL_CONVERSION = YES;
				CLANG_WARN_OBJC_IMPLICIT_RETAIN_SELF = YES;
				CLANG_WARN_OBJC_LITERAL_CONVERSION = YES;
				CLANG_WARN_OBJC_ROOT_CLASS = YES_ERROR;
				CLANG_WARN_QUOTED_INCLUDE_IN_FRAMEWORK_HEADER = YES;
				CLANG_WARN_RANGE_LOOP_ANALYSIS = YES;
				CLANG_WARN_STRICT_PROTOTYPES = YES;
				CLANG_WARN_SUSPICIOUS_MOVE = YES;
				CLANG_WARN_UNGUARDED_AVAILABILITY = YES_AGGRESSIVE;
				CLANG_WARN_UNREACHABLE_CODE = YES;
				CLANG_WARN__DUPLICATE_METHOD_MATCH = YES;
				COPY_PHASE_STRIP = NO;
				DEBUG_INFORMATION_FORMAT = "dwarf-with-dsym";
				ENABLE_NS_ASSERTIONS = NO;
				ENABLE_STRICT_OBJC_MSGSEND = YES;
				GCC_C_LANGUAGE_STANDARD = gnu11;
				GCC_NO_COMMON_BLOCKS = YES;
				GCC_WARN_64_TO_32_BIT_CONVERSION = YES;
				GCC_WARN_ABOUT_RETURN_TYPE = YES_ERROR;
				GCC_WARN_UNDECLARED_SELECTOR = YES;
				GCC_WARN_UNINITIALIZED_AUTOS = YES_AGGRESSIVE;
				GCC_WARN_UNUSED_FUNCTION = YES;
				GCC_WARN_UNUSED_VARIABLE = YES;
				IPHONEOS_DEPLOYMENT_TARGET = 15.5;
				MTL_ENABLE_DEBUG_INFO = NO;
				MTL_FAST_MATH = YES;
				SDKROOT = iphoneos;
				SWIFT_COMPILATION_MODE = wholemodule;
				SWIFT_OPTIMIZATION_LEVEL = "-O";
				VALIDATE_PRODUCT = YES;
			};
			name = Release;
		};
		12292DA6291DA5B9000339B1 /* Debug */ = {
			isa = XCBuildConfiguration;
			baseConfigurationReference = 71183EE680D46FA87C8B2159 /* Pods-WebEngineerStudyRoom.debug.xcconfig */;
			buildSettings = {
				ASSETCATALOG_COMPILER_APPICON_NAME = AppIcon;
				ASSETCATALOG_COMPILER_GLOBAL_ACCENT_COLOR_NAME = AccentColor;
				CODE_SIGN_STYLE = Automatic;
				CURRENT_PROJECT_VERSION = 1;
				DEVELOPMENT_ASSET_PATHS = "\"WebEngineerStudyRoom/Preview Content\"";
				DEVELOPMENT_TEAM = CGD79LB65H;
				ENABLE_PREVIEWS = YES;
				GENERATE_INFOPLIST_FILE = YES;
				INFOPLIST_FILE = WebEngineerStudyRoom/Info.plist;
				INFOPLIST_KEY_UIApplicationSceneManifest_Generation = YES;
				INFOPLIST_KEY_UIApplicationSupportsIndirectInputEvents = YES;
				INFOPLIST_KEY_UILaunchScreen_Generation = YES;
				INFOPLIST_KEY_UISupportedInterfaceOrientations_iPad = "UIInterfaceOrientationPortrait UIInterfaceOrientationPortraitUpsideDown UIInterfaceOrientationLandscapeLeft UIInterfaceOrientationLandscapeRight";
				INFOPLIST_KEY_UISupportedInterfaceOrientations_iPhone = "UIInterfaceOrientationPortrait UIInterfaceOrientationLandscapeLeft UIInterfaceOrientationLandscapeRight";
				LD_RUNPATH_SEARCH_PATHS = (
					"$(inherited)",
					"@executable_path/Frameworks",
				);
				MARKETING_VERSION = 1.0;
				PRODUCT_BUNDLE_IDENTIFIER = com.ame.WebEngineerStudyRoom;
				PRODUCT_NAME = "$(TARGET_NAME)";
				SWIFT_EMIT_LOC_STRINGS = YES;
				SWIFT_VERSION = 5.0;
				TARGETED_DEVICE_FAMILY = "1,2";
			};
			name = Debug;
		};
		12292DA7291DA5B9000339B1 /* Release */ = {
			isa = XCBuildConfiguration;
			baseConfigurationReference = F8858D38B5A4E822078F4FE8 /* Pods-WebEngineerStudyRoom.release.xcconfig */;
			buildSettings = {
				ASSETCATALOG_COMPILER_APPICON_NAME = AppIcon;
				ASSETCATALOG_COMPILER_GLOBAL_ACCENT_COLOR_NAME = AccentColor;
				CODE_SIGN_STYLE = Automatic;
				CURRENT_PROJECT_VERSION = 1;
				DEVELOPMENT_ASSET_PATHS = "\"WebEngineerStudyRoom/Preview Content\"";
				DEVELOPMENT_TEAM = CGD79LB65H;
				ENABLE_PREVIEWS = YES;
				GENERATE_INFOPLIST_FILE = YES;
				INFOPLIST_FILE = WebEngineerStudyRoom/Info.plist;
				INFOPLIST_KEY_UIApplicationSceneManifest_Generation = YES;
				INFOPLIST_KEY_UIApplicationSupportsIndirectInputEvents = YES;
				INFOPLIST_KEY_UILaunchScreen_Generation = YES;
				INFOPLIST_KEY_UISupportedInterfaceOrientations_iPad = "UIInterfaceOrientationPortrait UIInterfaceOrientationPortraitUpsideDown UIInterfaceOrientationLandscapeLeft UIInterfaceOrientationLandscapeRight";
				INFOPLIST_KEY_UISupportedInterfaceOrientations_iPhone = "UIInterfaceOrientationPortrait UIInterfaceOrientationLandscapeLeft UIInterfaceOrientationLandscapeRight";
				LD_RUNPATH_SEARCH_PATHS = (
					"$(inherited)",
					"@executable_path/Frameworks",
				);
				MARKETING_VERSION = 1.0;
				PRODUCT_BUNDLE_IDENTIFIER = com.ame.WebEngineerStudyRoom;
				PRODUCT_NAME = "$(TARGET_NAME)";
				SWIFT_EMIT_LOC_STRINGS = YES;
				SWIFT_VERSION = 5.0;
				TARGETED_DEVICE_FAMILY = "1,2";
			};
			name = Release;
		};
/* End XCBuildConfiguration section */

/* Begin XCConfigurationList section */
		12292D92291DA5B8000339B1 /* Build configuration list for PBXProject "WebEngineerStudyRoom" */ = {
			isa = XCConfigurationList;
			buildConfigurations = (
				12292DA3291DA5B9000339B1 /* Debug */,
				12292DA4291DA5B9000339B1 /* Release */,
			);
			defaultConfigurationIsVisible = 0;
			defaultConfigurationName = Release;
		};
		12292DA5291DA5B9000339B1 /* Build configuration list for PBXNativeTarget "WebEngineerStudyRoom" */ = {
			isa = XCConfigurationList;
			buildConfigurations = (
				12292DA6291DA5B9000339B1 /* Debug */,
				12292DA7291DA5B9000339B1 /* Release */,
			);
			defaultConfigurationIsVisible = 0;
			defaultConfigurationName = Release;
		};
/* End XCConfigurationList section */
	};
	rootObject = 12292D8F291DA5B8000339B1 /* Project object */;
}
